// !$*UTF8*$!
{
	archiveVersion = 1;
	classes = {
	};
	objectVersion = 60;
	objects = {

/* Begin PBXBuildFile section */
		A10000000000000000000001 /* GuiltlessApp.swift in Sources */ = {isa = PBXBuildFile; fileRef = A20000000000000000000001 /* GuiltlessApp.swift */; };
		A10000000000000000000002 /* AppStore.swift in Sources */ = {isa = PBXBuildFile; fileRef = A20000000000000000000002 /* AppStore.swift */; };
		A10000000000000000000003 /* RootView.swift in Sources */ = {isa = PBXBuildFile; fileRef = A20000000000000000000003 /* RootView.swift */; };
		A10000000000000000000004 /* Models.swift in Sources */ = {isa = PBXBuildFile; fileRef = A20000000000000000000004 /* Models.swift */; };
		A10000000000000000000005 /* APIClient.swift in Sources */ = {isa = PBXBuildFile; fileRef = A20000000000000000000005 /* APIClient.swift */; };
		A10000000000000000000006 /* DecisionFlowView.swift in Sources */ = {isa = PBXBuildFile; fileRef = A20000000000000000000006 /* DecisionFlowView.swift */; };
		A10000000000000000000007 /* BagPlansProfileViews.swift in Sources */ = {isa = PBXBuildFile; fileRef = A20000000000000000000007 /* BagPlansProfileViews.swift */; };
		A10000000000000000000008 /* GuideView.swift in Sources */ = {isa = PBXBuildFile; fileRef = A20000000000000000000008 /* GuideView.swift */; };
		A10000000000000000000009 /* Assets.xcassets in Resources */ = {isa = PBXBuildFile; fileRef = A20000000000000000000009 /* Assets.xcassets */; };
		A1000000000000000000000A /* CatalogTrackerViews.swift in Sources */ = {isa = PBXBuildFile; fileRef = A2000000000000000000000B /* CatalogTrackerViews.swift */; };
/* End PBXBuildFile section */

/* Begin PBXFileReference section */
		A20000000000000000000000 /* Guiltless.app */ = {isa = PBXFileReference; explicitFileType = wrapper.application; includeInIndex = 0; path = Guiltless.app; sourceTree = BUILT_PRODUCTS_DIR; };
		A20000000000000000000001 /* GuiltlessApp.swift */ = {isa = PBXFileReference; lastKnownFileType = sourcecode.swift; path = GuiltlessApp.swift; sourceTree = "<group>"; };
		A20000000000000000000002 /* AppStore.swift */ = {isa = PBXFileReference; lastKnownFileType = sourcecode.swift; path = AppStore.swift; sourceTree = "<group>"; };
		A20000000000000000000003 /* RootView.swift */ = {isa = PBXFileReference; lastKnownFileType = sourcecode.swift; path = RootView.swift; sourceTree = "<group>"; };
		A20000000000000000000004 /* Models.swift */ = {isa = PBXFileReference; lastKnownFileType = sourcecode.swift; path = Models.swift; sourceTree = "<group>"; };
		A20000000000000000000005 /* APIClient.swift */ = {isa = PBXFileReference; lastKnownFileType = sourcecode.swift; path = APIClient.swift; sourceTree = "<group>"; };
		A20000000000000000000006 /* DecisionFlowView.swift */ = {isa = PBXFileReference; lastKnownFileType = sourcecode.swift; path = DecisionFlowView.swift; sourceTree = "<group>"; };
		A20000000000000000000007 /* BagPlansProfileViews.swift */ = {isa = PBXFileReference; lastKnownFileType = sourcecode.swift; path = BagPlansProfileViews.swift; sourceTree = "<group>"; };
		A20000000000000000000008 /* GuideView.swift */ = {isa = PBXFileReference; lastKnownFileType = sourcecode.swift; path = GuideView.swift; sourceTree = "<group>"; };
		A20000000000000000000009 /* Assets.xcassets */ = {isa = PBXFileReference; lastKnownFileType = folder.assetcatalog; path = Assets.xcassets; sourceTree = "<group>"; };
		A2000000000000000000000A /* Info.plist */ = {isa = PBXFileReference; lastKnownFileType = text.plist.xml; path = Info.plist; sourceTree = "<group>"; };
		A2000000000000000000000B /* CatalogTrackerViews.swift */ = {isa = PBXFileReference; lastKnownFileType = sourcecode.swift; path = CatalogTrackerViews.swift; sourceTree = "<group>"; };
/* End PBXFileReference section */

/* Begin PBXFrameworksBuildPhase section */
		A30000000000000000000001 /* Frameworks */ = {
			isa = PBXFrameworksBuildPhase;
			buildActionMask = 2147483647;
			files = (
			);
			runOnlyForDeploymentPostprocessing = 0;
		};
/* End PBXFrameworksBuildPhase section */

/* Begin PBXGroup section */
		A40000000000000000000000 = {
			isa = PBXGroup;
			children = (
				A40000000000000000000001 /* Guiltless */,
				A40000000000000000000006 /* Products */,
			);
			sourceTree = "<group>";
		};
		A40000000000000000000001 /* Guiltless */ = {
			isa = PBXGroup;
			children = (
				A20000000000000000000001 /* GuiltlessApp.swift */,
				A20000000000000000000002 /* AppStore.swift */,
				A20000000000000000000003 /* RootView.swift */,
				A40000000000000000000002 /* Models */,
				A40000000000000000000003 /* Networking */,
				A40000000000000000000004 /* Features */,
				A40000000000000000000005 /* Components */,
				A20000000000000000000009 /* Assets.xcassets */,
				A2000000000000000000000A /* Info.plist */,
			);
			path = Guiltless;
			sourceTree = "<group>";
		};
		A40000000000000000000002 /* Models */ = {
			isa = PBXGroup;
			children = (
				A20000000000000000000004 /* Models.swift */,
			);
			path = Models;
			sourceTree = "<group>";
		};
		A40000000000000000000003 /* Networking */ = {
			isa = PBXGroup;
			children = (
				A20000000000000000000005 /* APIClient.swift */,
			);
			path = Networking;
			sourceTree = "<group>";
		};
		A40000000000000000000004 /* Features */ = {
			isa = PBXGroup;
			children = (
				A20000000000000000000006 /* DecisionFlowView.swift */,
				A20000000000000000000007 /* BagPlansProfileViews.swift */,
				A2000000000000000000000B /* CatalogTrackerViews.swift */,
			);
			path = Features;
			sourceTree = "<group>";
		};
		A40000000000000000000005 /* Components */ = {
			isa = PBXGroup;
			children = (
				A20000000000000000000008 /* GuideView.swift */,
			);
			path = Components;
			sourceTree = "<group>";
		};
		A40000000000000000000006 /* Products */ = {
			isa = PBXGroup;
			children = (
				A20000000000000000000000 /* Guiltless.app */,
			);
			name = Products;
			sourceTree = "<group>";
		};
/* End PBXGroup section */

/* Begin PBXNativeTarget section */
		A50000000000000000000001 /* Guiltless */ = {
			isa = PBXNativeTarget;
			buildConfigurationList = A90000000000000000000002 /* Build configuration list for PBXNativeTarget "Guiltless" */;
			buildPhases = (
				A60000000000000000000001 /* Sources */,
				A30000000000000000000001 /* Frameworks */,
				A70000000000000000000001 /* Resources */,
			);
			buildRules = (
			);
			dependencies = (
			);
			name = Guiltless;
			productName = Guiltless;
			productReference = A20000000000000000000000 /* Guiltless.app */;
			productType = "com.apple.product-type.application";
		};
/* End PBXNativeTarget section */

/* Begin PBXProject section */
		A80000000000000000000001 /* Project object */ = {
			isa = PBXProject;
			attributes = {
				BuildIndependentTargetsInParallel = 1;
				LastSwiftUpdateCheck = 2700;
				LastUpgradeCheck = 2700;
				TargetAttributes = {
					A50000000000000000000001 = {
						CreatedOnToolsVersion = 27.0;
					};
				};
			};
			buildConfigurationList = A90000000000000000000001 /* Build configuration list for PBXProject "Guiltless" */;
			compatibilityVersion = "Xcode 15.0";
			developmentRegion = en;
			hasScannedForEncodings = 0;
			knownRegions = (
				en,
				Base,
			);
			mainGroup = A40000000000000000000000;
			productRefGroup = A40000000000000000000006 /* Products */;
			projectDirPath = "";
			projectRoot = "";
			targets = (
				A50000000000000000000001 /* Guiltless */,
			);
		};
/* End PBXProject section */

/* Begin PBXResourcesBuildPhase section */
		A70000000000000000000001 /* Resources */ = {
			isa = PBXResourcesBuildPhase;
			buildActionMask = 2147483647;
			files = (
				A10000000000000000000009 /* Assets.xcassets in Resources */,
			);
			runOnlyForDeploymentPostprocessing = 0;
		};
/* End PBXResourcesBuildPhase section */

/* Begin PBXSourcesBuildPhase section */
		A60000000000000000000001 /* Sources */ = {
			isa = PBXSourcesBuildPhase;
			buildActionMask = 2147483647;
			files = (
				A10000000000000000000001 /* GuiltlessApp.swift in Sources */,
				A10000000000000000000002 /* AppStore.swift in Sources */,
				A10000000000000000000003 /* RootView.swift in Sources */,
				A10000000000000000000004 /* Models.swift in Sources */,
				A10000000000000000000005 /* APIClient.swift in Sources */,
				A10000000000000000000006 /* DecisionFlowView.swift in Sources */,
				A10000000000000000000007 /* BagPlansProfileViews.swift in Sources */,
				A10000000000000000000008 /* GuideView.swift in Sources */,
				A1000000000000000000000A /* CatalogTrackerViews.swift in Sources */,
			);
			runOnlyForDeploymentPostprocessing = 0;
		};
/* End PBXSourcesBuildPhase section */

/* Begin XCBuildConfiguration section */
		B00000000000000000000001 /* Debug */ = {
			isa = XCBuildConfiguration;
			buildSettings = {
				ALWAYS_SEARCH_USER_PATHS = NO;
				CLANG_ENABLE_MODULES = YES;
				CLANG_ENABLE_OBJC_ARC = YES;
				COPY_PHASE_STRIP = NO;
				DEBUG_INFORMATION_FORMAT = dwarf;
				ENABLE_TESTABILITY = YES;
				GCC_C_LANGUAGE_STANDARD = gnu17;
				GCC_OPTIMIZATION_LEVEL = 0;
				IPHONEOS_DEPLOYMENT_TARGET = 17.0;
				MTL_ENABLE_DEBUG_INFO = INCLUDE_SOURCE;
				ONLY_ACTIVE_ARCH = YES;
				SDKROOT = iphoneos;
				SWIFT_ACTIVE_COMPILATION_CONDITIONS = "DEBUG $(inherited)";
				SWIFT_OPTIMIZATION_LEVEL = "-Onone";
			};
			name = Debug;
		};
		B00000000000000000000002 /* Release */ = {
			isa = XCBuildConfiguration;
			buildSettings = {
				ALWAYS_SEARCH_USER_PATHS = NO;
				CLANG_ENABLE_MODULES = YES;
				CLANG_ENABLE_OBJC_ARC = YES;
				COPY_PHASE_STRIP = NO;
				DEBUG_INFORMATION_FORMAT = "dwarf-with-dsym";
				ENABLE_NS_ASSERTIONS = NO;
				GCC_C_LANGUAGE_STANDARD = gnu17;
				IPHONEOS_DEPLOYMENT_TARGET = 17.0;
				MTL_ENABLE_DEBUG_INFO = NO;
				SDKROOT = iphoneos;
				SWIFT_COMPILATION_MODE = wholemodule;
				SWIFT_OPTIMIZATION_LEVEL = "-O";
				VALIDATE_PRODUCT = YES;
			};
			name = Release;
		};
		B00000000000000000000003 /* Debug */ = {
			isa = XCBuildConfiguration;
			buildSettings = {
				CODE_SIGN_STYLE = Automatic;
				CURRENT_PROJECT_VERSION = 1;
				DEVELOPMENT_ASSET_PATHS = "";
				ENABLE_PREVIEWS = YES;
				GENERATE_INFOPLIST_FILE = NO;
				INFOPLIST_FILE = Guiltless/Info.plist;
				IPHONEOS_DEPLOYMENT_TARGET = 17.0;
				MARKETING_VERSION = 1.0;
				PRODUCT_BUNDLE_IDENTIFIER = com.guiltless.ai;
				PRODUCT_NAME = "$(TARGET_NAME)";
				SUPPORTED_PLATFORMS = "iphoneos iphonesimulator";
				SUPPORTS_MACCATALYST = NO;
				SWIFT_EMIT_LOC_STRINGS = YES;
				SWIFT_VERSION = 5.0;
				TARGETED_DEVICE_FAMILY = 1;
			};
			name = Debug;
		};
		B00000000000000000000004 /* Release */ = {
			isa = XCBuildConfiguration;
			buildSettings = {
				CODE_SIGN_STYLE = Automatic;
				CURRENT_PROJECT_VERSION = 1;
				ENABLE_PREVIEWS = YES;
				GENERATE_INFOPLIST_FILE = NO;
				INFOPLIST_FILE = Guiltless/Info.plist;
				IPHONEOS_DEPLOYMENT_TARGET = 17.0;
				MARKETING_VERSION = 1.0;
				PRODUCT_BUNDLE_IDENTIFIER = com.guiltless.ai;
				PRODUCT_NAME = "$(TARGET_NAME)";
				SUPPORTED_PLATFORMS = "iphoneos iphonesimulator";
				SUPPORTS_MACCATALYST = NO;
				SWIFT_EMIT_LOC_STRINGS = YES;
				SWIFT_VERSION = 5.0;
				TARGETED_DEVICE_FAMILY = 1;
			};
			name = Release;
		};
/* End XCBuildConfiguration section */

/* Begin XCConfigurationList section */
		A90000000000000000000001 /* Build configuration list for PBXProject "Guiltless" */ = {
			isa = XCConfigurationList;
			buildConfigurations = (
				B00000000000000000000001 /* Debug */,
				B00000000000000000000002 /* Release */,
			);
			defaultConfigurationIsVisible = 0;
			defaultConfigurationName = Release;
		};
		A90000000000000000000002 /* Build configuration list for PBXNativeTarget "Guiltless" */ = {
			isa = XCConfigurationList;
			buildConfigurations = (
				B00000000000000000000003 /* Debug */,
				B00000000000000000000004 /* Release */,
			);
			defaultConfigurationIsVisible = 0;
			defaultConfigurationName = Release;
		};
/* End XCConfigurationList section */
	};
	rootObject = A80000000000000000000001 /* Project object */;
}
